# This file is autogenerated, do not edit; changes may be undone by the next 'dep ensure'.


[[projects]]
  digest = "1:096abfb869a3f8ddf33dc56c167bbac5f9680f555cd9d4ffa96d82d64b53dbe6"
  name = "github.com/joomcode/errorx"
  packages = ["."]
  pruneopts = "UT"
  revision = "30da670594f39d823904fa86548c5da1b6dfc0d0"
  version = "v1.0.0"

[solve-meta]
  analyzer-name = "dep"
  analyzer-version = 1
  input-imports = ["github.com/joomcode/errorx"]
  solver-name = "gps-cdcl"
  solver-version = 1
